{
  "name": "@astaykov/n8n-nodes-entraagentid",
  "version": "0.1.0",
  "lockfileVersion": 3,
  "requires": true,
  "packages": {
    "": {
      "name": "@astaykov/n8n-nodes-entraagentid",
      "version": "0.1.0",
      "license": "MIT",
      "peerDependencies": {
        "n8n-workflow": "*"
      }
    }
  }
}
